
Microsoft Visual Studio Solution File, Format Version 12.00
# Visual Studio Version 16
VisualStudioVersion = 16.0.31005.135
MinimumVisualStudioVersion = 10.0.40219.1
Project("{9A19103F-16F7-4668-BE54-9A1E7A4F7556}") = "RedisProject", "RedisProject\RedisProject.csproj", "{F2856971-E6CC-4892-AE05-DB01E545CA7E}"
EndProject
Project("{9A19103F-16F7-4668-BE54-9A1E7A4F7556}") = "Core", "Core\Core.csproj", "{1F0A69FF-C228-4D10-B896-3CC98AA90084}"
EndProject
Project("{FAE04EC0-301F-11D3-BF4B-00C04F79EFBC}") = "Service", "Business\Service.csproj", "{A7DFD9AB-2FB3-427A-92E9-67457AE69477}"
EndProject
Global
	GlobalSection(SolutionConfigurationPlatforms) = preSolution
		Debug|Any CPU = Debug|Any CPU
		Release|Any CPU = Release|Any CPU
	EndGlobalSection
	GlobalSection(ProjectConfigurationPlatforms) = postSolution
		{F2856971-E6CC-4892-AE05-DB01E545CA7E}.Debug|Any CPU.ActiveCfg = Debug|Any CPU
		{F2856971-E6CC-4892-AE05-DB01E545CA7E}.Debug|Any CPU.Build.0 = Debug|Any CPU
		{F2856971-E6CC-4892-AE05-DB01E545CA7E}.Release|Any CPU.ActiveCfg = Release|Any CPU
		{F2856971-E6CC-4892-AE05-DB01E545CA7E}.Release|Any CPU.Build.0 = Release|Any CPU
		{1F0A69FF-C228-4D10-B896-3CC98AA90084}.Debug|Any CPU.ActiveCfg = Debug|Any CPU
		{1F0A69FF-C228-4D10-B896-3CC98AA90084}.Debug|Any CPU.Build.0 = Debug|Any CPU
		{1F0A69FF-C228-4D10-B896-3CC98AA90084}.Release|Any CPU.ActiveCfg = Release|Any CPU
		{1F0A69FF-C228-4D10-B896-3CC98AA90084}.Release|Any CPU.Build.0 = Release|Any CPU
		{A7DFD9AB-2FB3-427A-92E9-67457AE69477}.Debug|Any CPU.ActiveCfg = Debug|Any CPU
		{A7DFD9AB-2FB3-427A-92E9-67457AE69477}.Debug|Any CPU.Build.0 = Debug|Any CPU
		{A7DFD9AB-2FB3-427A-92E9-67457AE69477}.Release|Any CPU.ActiveCfg = Release|Any CPU
		{A7DFD9AB-2FB3-427A-92E9-67457AE69477}.Release|Any CPU.Build.0 = Release|Any CPU
	EndGlobalSection
	GlobalSection(SolutionProperties) = preSolution
		HideSolutionNode = FALSE
	EndGlobalSection
	GlobalSection(ExtensibilityGlobals) = postSolution
		SolutionGuid = {C5C7C2FB-F0E1-47B5-8D9F-A7248EFF638C}
	EndGlobalSection
EndGlobal
